<?xml version="1.0" encoding="utf-8"?>
<Project ToolsVersion="4.0" xmlns="http://schemas.microsoft.com/developer/msbuild/2003">
  <ItemGroup>
    <Filter Include="Source Files">
      <UniqueIdentifier>{4FC737F1-C7A5-4376-A066-2A32D752A2FF}</UniqueIdentifier>
      <Extensions>cpp;c;cc;cxx;def;odl;idl;hpj;bat;asm;asmx</Extensions>
    </Filter>
    <Filter Include="Header Files">
      <UniqueIdentifier>{93995380-89BD-4b04-88EB-625FBE52EBFB}</UniqueIdentifier>
      <Extensions>h;hh;hpp;hxx;hm;inl;inc;xsd</Extensions>
    </Filter>
    <Filter Include="Resource Files">
      <UniqueIdentifier>{67DA6AB6-F800-4c08-8B7A-83BB121AAD01}</UniqueIdentifier>
      <Extensions>rc;ico;cur;bmp;dlg;rc2;rct;bin;rgs;gif;jpg;jpeg;jpe;resx;tiff;tif;png;wav;mfcribbon-ms</Extensions>
    </Filter>
  </ItemGroup>
  <ItemGroup>
    <ClInclude Include="targetver.h">
      <Filter>Header Files</Filter>
    </ClInclude>
    <ClInclude Include="test_windows\AnimationTestWindow.h">
      <Filter>Header Files</Filter>
    </ClInclude>
    <ClInclude Include="test_windows\CachingTestWindow.h">
      <Filter>Header Files</Filter>
    </ClInclude>
    <ClInclude Include="test_windows\CoordinatesTestWindow.h">
      <Filter>Header Files</Filter>
    </ClInclude>
    <ClInclude Include="test_windows\SampleWindow.h">
      <Filter>Header Files</Filter>
    </ClInclude>
    <ClInclude Include="test_windows\TextualsTestWindow.h">
      <Filter>Header Files</Filter>
    </ClInclude>
    <ClInclude Include="test_windows\TransformationTestWindow.h">
      <Filter>Header Files</Filter>
    </ClInclude>
    <ClInclude Include="test_windows\MouseEventTestWindow.h">
      <Filter>Header Files</Filter>
    </ClInclude>
    <ClInclude Include="test_windows\MouseEventBubblingTestWindow.h">
      <Filter>Header Files</Filter>
    </ClInclude>
    <ClInclude Include="test_windows\test_layout\ClassicLayoutTestWindow.h">
      <Filter>Header Files</Filter>
    </ClInclude>
    <ClInclude Include="test_windows\test_layout\StackLayoutTestWindow.h">
      <Filter>Header Files</Filter>
    </ClInclude>
    <ClInclude Include="test_windows\test_layout\WrapLayoutTestWindow.h">
      <Filter>Header Files</Filter>
    </ClInclude>
    <ClInclude Include="test_windows\MouseEventTextBlockTestWindow.h">
      <Filter>Header Files</Filter>
    </ClInclude>
    <ClInclude Include="test_windows\TextBlockTestWindow.h">
      <Filter>Header Files</Filter>
    </ClInclude>
    <ClInclude Include="test_windows\SelectEditTestWindow.h">
      <Filter>Header Files</Filter>
    </ClInclude>
    <ClInclude Include="test_windows\FocusableTestWindow.h">
      <Filter>Header Files</Filter>
    </ClInclude>
    <ClInclude Include="test_windows\test_controls\CheckBoxTestWindow.h">
      <Filter>Header Files</Filter>
    </ClInclude>
    <ClInclude Include="test_windows\test_controls\SliderTestWindow.h">
      <Filter>Header Files</Filter>
    </ClInclude>
    <ClInclude Include="test_windows\EleusisWindowTestWindow.h">
      <Filter>Header Files</Filter>
    </ClInclude>
    <ClInclude Include="test_windows\test_layout\ContainerTestWindow.h">
      <Filter>Header Files</Filter>
    </ClInclude>
    <ClInclude Include="test_windows\EleusisWindowTestWindow.h">
      <Filter>Header Files</Filter>
    </ClInclude>
    <ClInclude Include="test_windows\test_layout\FitChildrenTestWindow.h">
      <Filter>Header Files</Filter>
    </ClInclude>
  </ItemGroup>
  <ItemGroup>
    <ClCompile Include="main.cpp">
      <Filter>Source Files</Filter>
    </ClCompile>
    <ClCompile Include="test_windows\AnimationTestWindow.cpp">
      <Filter>Source Files</Filter>
    </ClCompile>
    <ClCompile Include="test_windows\CachingTestingWindow.cpp">
      <Filter>Source Files</Filter>
    </ClCompile>
    <ClCompile Include="test_windows\CoordinatesTestWindow.cpp">
      <Filter>Source Files</Filter>
    </ClCompile>
    <ClCompile Include="test_windows\SampleWindow.cpp">
      <Filter>Source Files</Filter>
    </ClCompile>
    <ClCompile Include="test_windows\TextualsTestWindow.cpp">
      <Filter>Source Files</Filter>
    </ClCompile>
    <ClCompile Include="test_windows\TransformationTestWindow.cpp">
      <Filter>Source Files</Filter>
    </ClCompile>
    <ClCompile Include="test_windows\MouseEventTestWindow.cpp">
      <Filter>Source Files</Filter>
    </ClCompile>
    <ClCompile Include="test_windows\MouseEventBubblingTestWindow.cpp">
      <Filter>Source Files</Filter>
    </ClCompile>
    <ClCompile Include="test_windows\test_layout\ClassicLayoutTestWindow.cpp">
      <Filter>Source Files</Filter>
    </ClCompile>
    <ClCompile Include="test_windows\test_layout\StackLayoutTestWindow.cpp">
      <Filter>Source Files</Filter>
    </ClCompile>
    <ClCompile Include="test_windows\test_layout\WrapLayoutTestWindow.cpp">
      <Filter>Source Files</Filter>
    </ClCompile>
    <ClCompile Include="test_windows\MouseEventTextBlockTestWidnow.cpp">
      <Filter>Source Files</Filter>
    </ClCompile>
    <ClCompile Include="test_windows\TextBlockTestWindow.cpp">
      <Filter>Source Files</Filter>
    </ClCompile>
    <ClCompile Include="test_windows\SelectEditTestWindow.cpp">
      <Filter>Source Files</Filter>
    </ClCompile>
    <ClCompile Include="test_windows\test_controls\SliderTestWindow.cpp">
      <Filter>Source Files</Filter>
    </ClCompile>
    <ClCompile Include="test_windows\test_controls\CheckBoxTestWindow.cpp">
      <Filter>Source Files</Filter>
    </ClCompile>
    <ClCompile Include="test_windows\EleusisWindowTestWindow.cpp">
      <Filter>Source Files</Filter>
    </ClCompile>
    <ClCompile Include="test_windows\test_layout\ContainerTestWindow.cpp">
      <Filter>Source Files</Filter>
    </ClCompile>
    <ClCompile Include="test_windows\test_layout\FitChildrenTestWindow.cpp">
      <Filter>Source Files</Filter>
    </ClCompile>
  </ItemGroup>
</Project>