<?xml version="1.0" encoding="utf-8"?>
<Project ToolsVersion="4.0" xmlns="http://schemas.microsoft.com/developer/msbuild/2003">
  <ItemGroup>
    <Filter Include="Source Files">
      <UniqueIdentifier>{4FC737F1-C7A5-4376-A066-2A32D752A2FF}</UniqueIdentifier>
      <Extensions>cpp;c;cc;cxx;def;odl;idl;hpj;bat;asm;asmx</Extensions>
    </Filter>
    <Filter Include="Header Files">
      <UniqueIdentifier>{93995380-89BD-4b04-88EB-625FBE52EBFB}</UniqueIdentifier>
      <Extensions>h;hh;hpp;hxx;hm;inl;inc;xsd</Extensions>
    </Filter>
    <Filter Include="Resource Files">
      <UniqueIdentifier>{67DA6AB6-F800-4c08-8B7A-83BB121AAD01}</UniqueIdentifier>
      <Extensions>rc;ico;cur;bmp;dlg;rc2;rct;bin;rgs;gif;jpg;jpeg;jpe;resx;tiff;tif;png;wav;mfcribbon-ms</Extensions>
    </Filter>
  </ItemGroup>
  <ItemGroup>
    <ClInclude Include="targetver.h">
      <Filter>Header Files</Filter>
    </ClInclude>
    <ClInclude Include="00_eventing\event.h">
      <Filter>Header Files</Filter>
    </ClInclude>
    <ClInclude Include="01_os_backend\Application.h">
      <Filter>Header Files</Filter>
    </ClInclude>
    <ClInclude Include="01_os_backend\Timer.h">
      <Filter>Header Files</Filter>
    </ClInclude>
    <ClInclude Include="01_os_backend\Window.h">
      <Filter>Header Files</Filter>
    </ClInclude>
    <ClInclude Include="02_visual_parameters\01_vectoring\AffineTransformation.h">
      <Filter>Header Files</Filter>
    </ClInclude>
    <ClInclude Include="02_visual_parameters\01_vectoring\IAffineTransformable.h">
      <Filter>Header Files</Filter>
    </ClInclude>
    <ClInclude Include="02_visual_parameters\01_vectoring\Rect.h">
      <Filter>Header Files</Filter>
    </ClInclude>
    <ClInclude Include="02_visual_parameters\01_vectoring\Region.h">
      <Filter>Header Files</Filter>
    </ClInclude>
    <ClInclude Include="02_visual_parameters\01_vectoring\Vector.h">
      <Filter>Header Files</Filter>
    </ClInclude>
    <ClInclude Include="02_visual_parameters\02_geometry\Geometry.h">
      <Filter>Header Files</Filter>
    </ClInclude>
    <ClInclude Include="02_visual_parameters\03_brushing\Brush.h">
      <Filter>Header Files</Filter>
    </ClInclude>
    <ClInclude Include="02_visual_parameters\03_brushing\RgbaColor.h">
      <Filter>Header Files</Filter>
    </ClInclude>
    <ClInclude Include="02_visual_parameters\04_textual_styles\CascadingProperty.h">
      <Filter>Header Files</Filter>
    </ClInclude>
    <ClInclude Include="02_visual_parameters\04_textual_styles\ParagraphStyle.h">
      <Filter>Header Files</Filter>
    </ClInclude>
    <ClInclude Include="02_visual_parameters\04_textual_styles\SpanStyle.h">
      <Filter>Header Files</Filter>
    </ClInclude>
    <ClInclude Include="02_visual_parameters\04_textual_styles\TextBlockStyle.h">
      <Filter>Header Files</Filter>
    </ClInclude>
    <ClInclude Include="02_visual_parameters\04_textual_styles\TextualTypes.h">
      <Filter>Header Files</Filter>
    </ClInclude>
    <ClInclude Include="02_visual_parameters\Colors.h">
      <Filter>Header Files</Filter>
    </ClInclude>
    <ClInclude Include="02_visual_parameters\TextualStyles.h">
      <Filter>Header Files</Filter>
    </ClInclude>
    <ClInclude Include="02_visual_parameters\VisualParameters.h">
      <Filter>Header Files</Filter>
    </ClInclude>
    <ClInclude Include="03_noding\Node.h">
      <Filter>Header Files</Filter>
    </ClInclude>
    <ClInclude Include="05_animation\Animatable.h">
      <Filter>Header Files</Filter>
    </ClInclude>
    <ClInclude Include="05_animation\Animation.h">
      <Filter>Header Files</Filter>
    </ClInclude>
    <ClInclude Include="05_animation\Animation_Impls.h">
      <Filter>Header Files</Filter>
    </ClInclude>
    <ClInclude Include="05_animation\AnimationComponent.h">
      <Filter>Header Files</Filter>
    </ClInclude>
    <ClInclude Include="05_animation\AnimationManager.h">
      <Filter>Header Files</Filter>
    </ClInclude>
    <ClInclude Include="05_animation\DefaultAnimation.h">
      <Filter>Header Files</Filter>
    </ClInclude>
    <ClInclude Include="05_animation\Easing.h">
      <Filter>Header Files</Filter>
    </ClInclude>
    <ClInclude Include="05_animation\IAnimation.h">
      <Filter>Header Files</Filter>
    </ClInclude>
    <ClInclude Include="05_animation\Timeline.h">
      <Filter>Header Files</Filter>
    </ClInclude>
    <ClInclude Include="08_utilities\01_to_string\ToString.h">
      <Filter>Header Files</Filter>
    </ClInclude>
    <ClInclude Include="08_utilities\02_pseudocontrols\PseudoButton.h">
      <Filter>Header Files</Filter>
    </ClInclude>
    <ClInclude Include="08_utilities\Defaults.h">
      <Filter>Header Files</Filter>
    </ClInclude>
    <ClInclude Include="08_utilities\03_extensions\cairo\cairo-ext.h">
      <Filter>Header Files</Filter>
    </ClInclude>
    <ClInclude Include="dllexport.h">
      <Filter>Header Files</Filter>
    </ClInclude>
    <ClInclude Include="08_utilities\02_pseudocontrols\PseudoTextBox.h">
      <Filter>Header Files</Filter>
    </ClInclude>
    <ClInclude Include="08_utilities\02_pseudocontrols\PseudoSlider.h">
      <Filter>Header Files</Filter>
    </ClInclude>
    <ClInclude Include="02_visual_parameters\CairoConverter.h">
      <Filter>Header Files</Filter>
    </ClInclude>
    <ClInclude Include="01_os_backend\UIContext.h">
      <Filter>Header Files</Filter>
    </ClInclude>
    <ClInclude Include="02_visual_parameters\01_vectoring\Length.h">
      <Filter>Header Files</Filter>
    </ClInclude>
    <ClInclude Include="03_noding\Layoutable.h">
      <Filter>Header Files</Filter>
    </ClInclude>
    <ClInclude Include="01_os_backend\Mouse.h">
      <Filter>Header Files</Filter>
    </ClInclude>
    <ClInclude Include="01_os_backend\VirtualKey.h">
      <Filter>Header Files</Filter>
    </ClInclude>
    <ClInclude Include="07_controls\02_control_impls\01_check_box\CheckBox.h">
      <Filter>Header Files</Filter>
    </ClInclude>
    <ClInclude Include="07_controls\02_control_impls\01_check_box\CheckBoxDefaultSkin.h">
      <Filter>Header Files</Filter>
    </ClInclude>
    <ClInclude Include="07_controls\02_control_impls\01_check_box\CheckBoxSkin.h">
      <Filter>Header Files</Filter>
    </ClInclude>
    <ClInclude Include="07_controls\01_control_common\Control.h">
      <Filter>Header Files</Filter>
    </ClInclude>
    <ClInclude Include="07_controls\01_control_common\Skin.h">
      <Filter>Header Files</Filter>
    </ClInclude>
    <ClInclude Include="07_controls\01_control_common\SkinableControl.h">
      <Filter>Header Files</Filter>
    </ClInclude>
    <ClInclude Include="04_visual_primitives\01_shapes\Shape.h">
      <Filter>Header Files</Filter>
    </ClInclude>
    <ClInclude Include="04_visual_primitives\VisualPrimitive.h">
      <Filter>Header Files</Filter>
    </ClInclude>
    <ClInclude Include="04_visual_primitives\02_text_block\01_text_block_impl\PangoLayoutWrapper.h">
      <Filter>Header Files</Filter>
    </ClInclude>
    <ClInclude Include="04_visual_primitives\02_text_block\01_text_block_impl\Paragraph.h">
      <Filter>Header Files</Filter>
    </ClInclude>
    <ClInclude Include="04_visual_primitives\02_text_block\01_text_block_impl\ParagraphStylable.h">
      <Filter>Header Files</Filter>
    </ClInclude>
    <ClInclude Include="04_visual_primitives\02_text_block\01_text_block_impl\Span.h">
      <Filter>Header Files</Filter>
    </ClInclude>
    <ClInclude Include="04_visual_primitives\02_text_block\01_text_block_impl\SpanStylable.h">
      <Filter>Header Files</Filter>
    </ClInclude>
    <ClInclude Include="04_visual_primitives\02_text_block\01_text_block_impl\TextBlock.h">
      <Filter>Header Files</Filter>
    </ClInclude>
    <ClInclude Include="04_visual_primitives\02_text_block\01_text_block_impl\TextBlockStylable.h">
      <Filter>Header Files</Filter>
    </ClInclude>
    <ClInclude Include="04_visual_primitives\02_text_block\02_select_edit\Caret.h">
      <Filter>Header Files</Filter>
    </ClInclude>
    <ClInclude Include="04_visual_primitives\02_text_block\02_select_edit\SelectEdit.h">
      <Filter>Header Files</Filter>
    </ClInclude>
    <ClInclude Include="01_os_backend\01_Win32\WindowOSBundle_Win32.h">
      <Filter>Header Files</Filter>
    </ClInclude>
    <ClInclude Include="03_noding\RootNode.h">
      <Filter>Header Files</Filter>
    </ClInclude>
    <ClInclude Include="07_controls\02_control_impls\07_slider\Slider.h">
      <Filter>Header Files</Filter>
    </ClInclude>
    <ClInclude Include="07_controls\02_control_impls\07_slider\SliderDefaultSkin.h">
      <Filter>Header Files</Filter>
    </ClInclude>
    <ClInclude Include="07_controls\02_control_impls\07_slider\SliderSkin.h">
      <Filter>Header Files</Filter>
    </ClInclude>
    <ClInclude Include="03_noding\Container.h">
      <Filter>Header Files</Filter>
    </ClInclude>
    <ClInclude Include="01_os_backend\IOEventTypes.h">
      <Filter>Header Files</Filter>
    </ClInclude>
  </ItemGroup>
  <ItemGroup>
    <ClCompile Include="dllmain.cpp">
      <Filter>Source Files</Filter>
    </ClCompile>
    <ClCompile Include="02_visual_parameters\01_vectoring\AffineTransformation.cpp">
      <Filter>Source Files</Filter>
    </ClCompile>
    <ClCompile Include="02_visual_parameters\01_vectoring\Rect.cpp">
      <Filter>Source Files</Filter>
    </ClCompile>
    <ClCompile Include="02_visual_parameters\01_vectoring\Region.cpp">
      <Filter>Source Files</Filter>
    </ClCompile>
    <ClCompile Include="02_visual_parameters\01_vectoring\Vector.cpp">
      <Filter>Source Files</Filter>
    </ClCompile>
    <ClCompile Include="02_visual_parameters\02_geometry\Geometry.cpp">
      <Filter>Source Files</Filter>
    </ClCompile>
    <ClCompile Include="02_visual_parameters\03_brushing\Brush_BitmapBrush.cpp">
      <Filter>Source Files</Filter>
    </ClCompile>
    <ClCompile Include="02_visual_parameters\03_brushing\Brush_GradientStop.cpp">
      <Filter>Source Files</Filter>
    </ClCompile>
    <ClCompile Include="02_visual_parameters\03_brushing\Brush_LinearGradientBrush.cpp">
      <Filter>Source Files</Filter>
    </ClCompile>
    <ClCompile Include="02_visual_parameters\03_brushing\Brush_RadialGradientBrush.cpp">
      <Filter>Source Files</Filter>
    </ClCompile>
    <ClCompile Include="02_visual_parameters\03_brushing\Brush_SolidColorBrush.cpp">
      <Filter>Source Files</Filter>
    </ClCompile>
    <ClCompile Include="02_visual_parameters\03_brushing\RgbaColor.cpp">
      <Filter>Source Files</Filter>
    </ClCompile>
    <ClCompile Include="02_visual_parameters\04_textual_styles\ParagraphStyle.cpp">
      <Filter>Source Files</Filter>
    </ClCompile>
    <ClCompile Include="02_visual_parameters\04_textual_styles\SpanStyle.cpp">
      <Filter>Source Files</Filter>
    </ClCompile>
    <ClCompile Include="02_visual_parameters\04_textual_styles\TextBlockStyle.cpp">
      <Filter>Source Files</Filter>
    </ClCompile>
    <ClCompile Include="02_visual_parameters\04_textual_styles\TextualTypes.cpp">
      <Filter>Source Files</Filter>
    </ClCompile>
    <ClCompile Include="02_visual_parameters\UtilityCairoContext.cpp">
      <Filter>Source Files</Filter>
    </ClCompile>
    <ClCompile Include="03_noding\Node_NestedLinkedListNode.cpp">
      <Filter>Source Files</Filter>
    </ClCompile>
    <ClCompile Include="05_animation\01_animations\Animation_Circle.cpp">
      <Filter>Source Files</Filter>
    </ClCompile>
    <ClCompile Include="05_animation\01_animations\Animation_Ellipse.cpp">
      <Filter>Source Files</Filter>
    </ClCompile>
    <ClCompile Include="05_animation\01_animations\Animation_GenericShape.cpp">
      <Filter>Source Files</Filter>
    </ClCompile>
    <ClCompile Include="05_animation\01_animations\Animation_Line.cpp">
      <Filter>Source Files</Filter>
    </ClCompile>
    <ClCompile Include="05_animation\01_animations\Animation_Polygon.cpp">
      <Filter>Source Files</Filter>
    </ClCompile>
    <ClCompile Include="05_animation\01_animations\Animation_Rectangle.cpp">
      <Filter>Source Files</Filter>
    </ClCompile>
    <ClCompile Include="05_animation\01_animations\Animation_TextualShape.cpp">
      <Filter>Source Files</Filter>
    </ClCompile>
    <ClCompile Include="05_animation\01_animations\Animation_VisualPrimitive.cpp">
      <Filter>Source Files</Filter>
    </ClCompile>
    <ClCompile Include="05_animation\Animation.cpp">
      <Filter>Source Files</Filter>
    </ClCompile>
    <ClCompile Include="05_animation\AnimationManager.cpp">
      <Filter>Source Files</Filter>
    </ClCompile>
    <ClCompile Include="05_animation\Easing.cpp">
      <Filter>Source Files</Filter>
    </ClCompile>
    <ClCompile Include="05_animation\Timeline.cpp">
      <Filter>Source Files</Filter>
    </ClCompile>
    <ClCompile Include="08_utilities\01_to_string\ToString.cpp">
      <Filter>Source Files</Filter>
    </ClCompile>
    <ClCompile Include="08_utilities\02_pseudocontrols\PseudoButton.cpp">
      <Filter>Source Files</Filter>
    </ClCompile>
    <ClCompile Include="08_utilities\03_extensions\cairo\cairo_ext_blur_surface.cpp">
      <Filter>Source Files</Filter>
    </ClCompile>
    <ClCompile Include="08_utilities\03_extensions\cairo\cairo_ext_reset_surface.cpp">
      <Filter>Source Files</Filter>
    </ClCompile>
    <ClCompile Include="08_utilities\02_pseudocontrols\PseudoTextBox.cpp">
      <Filter>Source Files</Filter>
    </ClCompile>
    <ClCompile Include="08_utilities\02_pseudocontrols\PseudoSlider.cpp">
      <Filter>Source Files</Filter>
    </ClCompile>
    <ClCompile Include="02_visual_parameters\CairoConverter.cpp">
      <Filter>Source Files</Filter>
    </ClCompile>
    <ClCompile Include="02_visual_parameters\01_vectoring\Length.cpp">
      <Filter>Source Files</Filter>
    </ClCompile>
    <ClCompile Include="03_noding\Layoutable_LayoutGuset_Classic.cpp">
      <Filter>Source Files</Filter>
    </ClCompile>
    <ClCompile Include="03_noding\Layoutable_LayoutHost.cpp">
      <Filter>Source Files</Filter>
    </ClCompile>
    <ClCompile Include="03_noding\Layoutable_LayoutGuest_Stack.cpp">
      <Filter>Source Files</Filter>
    </ClCompile>
    <ClCompile Include="03_noding\Layoutable_LayoutGuest_Wrap.cpp">
      <Filter>Source Files</Filter>
    </ClCompile>
    <ClCompile Include="03_noding\Node_Layout.cpp">
      <Filter>Source Files</Filter>
    </ClCompile>
    <ClCompile Include="07_controls\02_control_impls\01_check_box\CheckBox.cpp">
      <Filter>Source Files</Filter>
    </ClCompile>
    <ClCompile Include="07_controls\02_control_impls\01_check_box\CheckBoxDefaultSkin.cpp">
      <Filter>Source Files</Filter>
    </ClCompile>
    <ClCompile Include="07_controls\01_control_common\Control.cpp">
      <Filter>Source Files</Filter>
    </ClCompile>
    <ClCompile Include="00_eventing\event.cpp">
      <Filter>Source Files</Filter>
    </ClCompile>
    <ClCompile Include="04_visual_primitives\01_shapes\01_base_shape\Shape.cpp">
      <Filter>Source Files</Filter>
    </ClCompile>
    <ClCompile Include="04_visual_primitives\01_shapes\01_base_shape\Shape_VisualParameters.cpp">
      <Filter>Source Files</Filter>
    </ClCompile>
    <ClCompile Include="04_visual_primitives\01_shapes\02_derived_specializations\Shape_Circle.cpp">
      <Filter>Source Files</Filter>
    </ClCompile>
    <ClCompile Include="04_visual_primitives\01_shapes\02_derived_specializations\Shape_Ellipse.cpp">
      <Filter>Source Files</Filter>
    </ClCompile>
    <ClCompile Include="04_visual_primitives\01_shapes\02_derived_specializations\Shape_GenericShape.cpp">
      <Filter>Source Files</Filter>
    </ClCompile>
    <ClCompile Include="04_visual_primitives\01_shapes\02_derived_specializations\Shape_Line.cpp">
      <Filter>Source Files</Filter>
    </ClCompile>
    <ClCompile Include="04_visual_primitives\01_shapes\02_derived_specializations\Shape_Polygon.cpp">
      <Filter>Source Files</Filter>
    </ClCompile>
    <ClCompile Include="04_visual_primitives\01_shapes\02_derived_specializations\Shape_Rectangle.cpp">
      <Filter>Source Files</Filter>
    </ClCompile>
    <ClCompile Include="04_visual_primitives\01_shapes\02_derived_specializations\Shape_TextualShape.cpp">
      <Filter>Source Files</Filter>
    </ClCompile>
    <ClCompile Include="04_visual_primitives\02_text_block\01_text_block_impl\Paragraph.cpp">
      <Filter>Source Files</Filter>
    </ClCompile>
    <ClCompile Include="04_visual_primitives\02_text_block\01_text_block_impl\Span.cpp">
      <Filter>Source Files</Filter>
    </ClCompile>
    <ClCompile Include="04_visual_primitives\02_text_block\01_text_block_impl\TextBlock.cpp">
      <Filter>Source Files</Filter>
    </ClCompile>
    <ClCompile Include="04_visual_primitives\02_text_block\02_select_edit\Caret.cpp">
      <Filter>Source Files</Filter>
    </ClCompile>
    <ClCompile Include="04_visual_primitives\02_text_block\02_select_edit\SelectEdit.cpp">
      <Filter>Source Files</Filter>
    </ClCompile>
    <ClCompile Include="01_os_backend\01_Win32\Application_Win32.cpp">
      <Filter>Source Files</Filter>
    </ClCompile>
    <ClCompile Include="01_os_backend\01_Win32\Mouse_Win32.cpp">
      <Filter>Source Files</Filter>
    </ClCompile>
    <ClCompile Include="01_os_backend\01_Win32\Timer_Win32.cpp">
      <Filter>Source Files</Filter>
    </ClCompile>
    <ClCompile Include="01_os_backend\01_Win32\Window_Win32.cpp">
      <Filter>Source Files</Filter>
    </ClCompile>
    <ClCompile Include="01_os_backend\Window_Common.cpp">
      <Filter>Source Files</Filter>
    </ClCompile>
    <ClCompile Include="03_noding\RootNode.cpp">
      <Filter>Source Files</Filter>
    </ClCompile>
    <ClCompile Include="07_controls\02_control_impls\07_slider\Slider.cpp">
      <Filter>Source Files</Filter>
    </ClCompile>
    <ClCompile Include="07_controls\02_control_impls\07_slider\SliderDefaultSkin.cpp">
      <Filter>Source Files</Filter>
    </ClCompile>
    <ClCompile Include="03_noding\Container.cpp">
      <Filter>Source Files</Filter>
    </ClCompile>
    <ClCompile Include="02_visual_parameters\Colors.cpp">
      <Filter>Source Files</Filter>
    </ClCompile>
  </ItemGroup>
</Project>